<?xml version="1.0" encoding="utf-8"?>
<Project ToolsVersion="4.0" xmlns="http://schemas.microsoft.com/developer/msbuild/2003">
  <ItemGroup>
    <Filter Include="Source Files">
      <UniqueIdentifier>{4FC737F1-C7A5-4376-A066-2A32D752A2FF}</UniqueIdentifier>
      <Extensions>cpp;c;cc;cxx;c++;cppm;ixx;def;odl;idl;hpj;bat;asm;asmx</Extensions>
    </Filter>
    <Filter Include="Header Files">
      <UniqueIdentifier>{93995380-89BD-4b04-88EB-625FBE52EBFB}</UniqueIdentifier>
      <Extensions>h;hh;hpp;hxx;h++;hm;inl;inc;ipp;xsd</Extensions>
    </Filter>
    <Filter Include="Resource Files">
      <UniqueIdentifier>{67DA6AB6-F800-4c08-8B7A-83BB121AAD01}</UniqueIdentifier>
      <Extensions>rc;ico;cur;bmp;dlg;rc2;rct;bin;rgs;gif;jpg;jpeg;jpe;resx;tiff;tif;png;wav;mfcribbon-ms</Extensions>
    </Filter>
    <Filter Include="Header Files\Interfaces">
      <UniqueIdentifier>{b23c49bd-a2df-43ee-abae-16738fa5d4f3}</UniqueIdentifier>
    </Filter>
    <Filter Include="Header Files\Logging">
      <UniqueIdentifier>{21cd16db-6d92-4806-98b5-aef60c3646f3}</UniqueIdentifier>
    </Filter>
    <Filter Include="Header Files\Paths">
      <UniqueIdentifier>{d42ee82a-b913-4d58-8164-215466f18af0}</UniqueIdentifier>
    </Filter>
    <Filter Include="Header Files\Main">
      <UniqueIdentifier>{f899a2db-8522-45c4-8bf3-559aacff1a1c}</UniqueIdentifier>
    </Filter>
    <Filter Include="Source Files\Logging">
      <UniqueIdentifier>{edff6cd4-0050-4a7c-a237-2306775c5f8d}</UniqueIdentifier>
    </Filter>
    <Filter Include="Source Files\Paths">
      <UniqueIdentifier>{3bee97fb-2781-4e86-8f10-194187e43b26}</UniqueIdentifier>
    </Filter>
    <Filter Include="Source Files\Main">
      <UniqueIdentifier>{d3b9da21-0179-4347-a4bc-2b4305714baf}</UniqueIdentifier>
    </Filter>
  </ItemGroup>
  <ItemGroup>
    <ClCompile Include="Kulki.cpp">
      <Filter>Source Files</Filter>
    </ClCompile>
    <ClCompile Include="BFSPathFinder.cpp">
      <Filter>Source Files\Paths</Filter>
    </ClCompile>
    <ClCompile Include="Board.cpp">
      <Filter>Source Files\Main</Filter>
    </ClCompile>
    <ClCompile Include="LinesGame.cpp">
      <Filter>Source Files\Main</Filter>
    </ClCompile>
    <ClCompile Include="LoggerDirector.cpp">
      <Filter>Source Files\Logging</Filter>
    </ClCompile>
    <ClCompile Include="ConsoleLogger.cpp">
      <Filter>Source Files\Logging</Filter>
    </ClCompile>
    <ClCompile Include="FileLogger.cpp">
      <Filter>Source Files\Logging</Filter>
    </ClCompile>
  </ItemGroup>
  <ItemGroup>
    <ClInclude Include="Config.h">
      <Filter>Header Files</Filter>
    </ClInclude>
    <ClInclude Include="GameManager.h">
      <Filter>Header Files\Interfaces</Filter>
    </ClInclude>
    <ClInclude Include="BoardInterface.h">
      <Filter>Header Files\Interfaces</Filter>
    </ClInclude>
    <ClInclude Include="LoggerDirectorInterface.h">
      <Filter>Header Files\Interfaces</Filter>
    </ClInclude>
    <ClInclude Include="Board.h">
      <Filter>Header Files\Main</Filter>
    </ClInclude>
    <ClInclude Include="ConsoleLogger.h">
      <Filter>Header Files\Logging</Filter>
    </ClInclude>
    <ClInclude Include="FileLogger.h">
      <Filter>Header Files\Logging</Filter>
    </ClInclude>
    <ClInclude Include="LoggerDirector.h">
      <Filter>Header Files\Logging</Filter>
    </ClInclude>
    <ClInclude Include="Logger.h">
      <Filter>Header Files\Interfaces</Filter>
    </ClInclude>
    <ClInclude Include="BFSPathFinder.h">
      <Filter>Header Files\Paths</Filter>
    </ClInclude>
    <ClInclude Include="PathFinder.h">
      <Filter>Header Files\Interfaces</Filter>
    </ClInclude>
    <ClInclude Include="LinesGame.h">
      <Filter>Header Files\Main</Filter>
    </ClInclude>
    <ClInclude Include="Point.h">
      <Filter>Header Files\Main</Filter>
    </ClInclude>
  </ItemGroup>
</Project>